{
  "nodes": {
    "brew-src": {
      "flake": false,
      "locked": {
        "lastModified": 1716195221,
        "narHash": "sha256-u+zjC7efKD3gBD9aKXsUTEhRhBQhYlP+KPFp1QbsgOo=",
        "owner": "Homebrew",
        "repo": "brew",
        "rev": "e0bc557e7b991cb23583679e1cf1c8a92b793aeb",
        "type": "github"
      },
      "original": {
        "owner": "Homebrew",
        "ref": "4.3.1",
        "repo": "brew",
        "type": "github"
      }
    },
    "darwin": {
      "inputs": {
        "nixpkgs": [
          "nixpkgs"
        ]
      },
      "locked": {
        "lastModified": 1719128254,
        "narHash": "sha256-I7jMpq0CAOZA/i70+HDQO/ulLttyQu/K70cSESiMX7A=",
        "owner": "LnL7",
        "repo": "nix-darwin",
        "rev": "50581970f37f06a4719001735828519925ef8310",
        "type": "github"
      },
      "original": {
        "owner": "LnL7",
        "ref": "master",
        "repo": "nix-darwin",
        "type": "github"
      }
    },
    "flake-utils": {
      "inputs": {
        "systems": "systems"
      },
      "locked": {
        "lastModified": 1710146030,
        "narHash": "sha256-SZ5L6eA7HJ/nmkzGG7/ISclqe6oZdOZTNoesiInkXPQ=",
        "owner": "numtide",
        "repo": "flake-utils",
        "rev": "b1d9ab70662946ef0850d488da1c9019f3a9752a",
        "type": "github"
      },
      "original": {
        "owner": "numtide",
        "repo": "flake-utils",
        "type": "github"
      }
    },
    "home-manager": {
      "inputs": {
        "nixpkgs": [
          "nixpkgs"
        ]
      },
      "locked": {
        "lastModified": 1719418488,
        "narHash": "sha256-Hu75KIbGLJA8qe42rO5WkRQ+E+BuzjS42bNEZcy9zT8=",
        "owner": "nix-community",
        "repo": "home-manager",
        "rev": "607f969f5dca2dc100cbc53e24ab49ac24ef8987",
        "type": "github"
      },
      "original": {
        "owner": "nix-community",
        "repo": "home-manager",
        "type": "github"
      }
    },
    "homebrew-bundle": {
      "flake": false,
      "locked": {
        "lastModified": 1719361311,
        "narHash": "sha256-EIFrdxAWdf6ljkmM7DP7tdAuE0tVCY5xaydsBVkyWYc=",
        "owner": "homebrew",
        "repo": "homebrew-bundle",
        "rev": "f0aa10ce605d1400fdb0cbe490e012238ef93b0c",
        "type": "github"
      },
      "original": {
        "owner": "homebrew",
        "repo": "homebrew-bundle",
        "type": "github"
      }
    },
    "homebrew-cask": {
      "flake": false,
      "locked": {
        "lastModified": 1719422211,
        "narHash": "sha256-NKgUIN/Y9D12GlxqRMyrCL8pxgU49TNZw0PRMz6SwB4=",
        "owner": "homebrew",
        "repo": "homebrew-cask",
        "rev": "8d9565e634ab9fefe7be84251a7b85fdddc5ef6c",
        "type": "github"
      },
      "original": {
        "owner": "homebrew",
        "repo": "homebrew-cask",
        "type": "github"
      }
    },
    "homebrew-core": {
      "flake": false,
      "locked": {
        "lastModified": 1719416635,
        "narHash": "sha256-ntNLfNOPMTy+gT27DCqrjMb635IqykR4LdjgG7a550A=",
        "owner": "homebrew",
        "repo": "homebrew-core",
        "rev": "d2bc1b0cc273b85cf8748979bdf079b6ab929dff",
        "type": "github"
      },
      "original": {
        "owner": "homebrew",
        "repo": "homebrew-core",
        "type": "github"
      }
    },
    "homebrew-garden": {
      "flake": false,
      "locked": {
        "lastModified": 1719309766,
        "narHash": "sha256-oAJX5OwZuIk+IT2MuBlRhBved4YLy6JpFIM2kBu6lc8=",
        "owner": "garden-io",
        "repo": "homebrew-garden",
        "rev": "b709efa7a2e47a49c493cf5ab08e256df73bb095",
        "type": "github"
      },
      "original": {
        "owner": "garden-io",
        "repo": "homebrew-garden",
        "type": "github"
      }
    },
    "kubelogin": {
      "flake": false,
      "locked": {
        "lastModified": 1717966949,
        "narHash": "sha256-ppzrQfnFcHMnS/ERwqoCGz1komFdedmDz+s7Gn5SWwI=",
        "owner": "int128",
        "repo": "kubelogin",
        "rev": "717f1a668bc29f4cd2c3faf3837b8d260063c1ac",
        "type": "github"
      },
      "original": {
        "owner": "int128",
        "repo": "kubelogin",
        "type": "github"
      }
    },
    "nix-homebrew": {
      "inputs": {
        "brew-src": "brew-src",
        "flake-utils": "flake-utils",
        "nix-darwin": [
          "darwin"
        ],
        "nixpkgs": [
          "nixpkgs"
        ]
      },
      "locked": {
        "lastModified": 1716838497,
        "narHash": "sha256-tkceXNn87z+uC08gvQCl7olSCS782EWdflgq0FkSKiw=",
        "owner": "zhaofengli-wip",
        "repo": "nix-homebrew",
        "rev": "31e9c8105a3ffdc03829c8c195d385500760d309",
        "type": "github"
      },
      "original": {
        "owner": "zhaofengli-wip",
        "repo": "nix-homebrew",
        "type": "github"
      }
    },
    "nixpkgs": {
      "locked": {
        "lastModified": 1719254875,
        "narHash": "sha256-ECni+IkwXjusHsm9Sexdtq8weAq/yUyt1TWIemXt3Ko=",
        "owner": "nixos",
        "repo": "nixpkgs",
        "rev": "2893f56de08021cffd9b6b6dfc70fd9ccd51eb60",
        "type": "github"
      },
      "original": {
        "owner": "nixos",
        "ref": "nixos-unstable",
        "repo": "nixpkgs",
        "type": "github"
      }
    },
    "root": {
      "inputs": {
        "darwin": "darwin",
        "home-manager": "home-manager",
        "homebrew-bundle": "homebrew-bundle",
        "homebrew-cask": "homebrew-cask",
        "homebrew-core": "homebrew-core",
        "homebrew-garden": "homebrew-garden",
        "kubelogin": "kubelogin",
        "nix-homebrew": "nix-homebrew",
        "nixpkgs": "nixpkgs"
      }
    },
    "systems": {
      "locked": {
        "lastModified": 1681028828,
        "narHash": "sha256-Vy1rq5AaRuLzOxct8nz4T6wlgyUR7zLU309k9mBC768=",
        "owner": "nix-systems",
        "repo": "default",
        "rev": "da67096a3b9bf56a91d16901293e51ba5b49a27e",
        "type": "github"
      },
      "original": {
        "owner": "nix-systems",
        "repo": "default",
        "type": "github"
      }
    }
  },
  "root": "root",
  "version": 7
}
